schema: '2.0'
stages:
  data_ingestion:
    cmd: python src/data_ingestion.py
    deps:
    - path: Original/test.csv
      hash: md5
      md5: e44258ef78fa9984cf0a63d1ab5a7fbf
      size: 10524308
    - path: Original/train.csv
      hash: md5
      md5: 970f84f7178e87d71712d049abcbcc35
      size: 35463548
    - path: src/data_ingestion.py
      hash: md5
      md5: b36134b53bd9b497b8ab55d8fa023567
      size: 3520
    outs:
    - path: data/raw
      hash: md5
      md5: 88efd93c055a79a38754ef21ec98e54a.dir
      size: 36096958
      nfiles: 2
  EDA:
    cmd: python src/EDA.py
    deps:
    - path: data/raw/test.csv
      hash: md5
      md5: eea124c43b4feda64c4ec01db4cec095
      size: 8023744
    - path: data/raw/train.csv
      hash: md5
      md5: d4aef6b0eee883241de7f7715945bc12
      size: 28073214
    - path: src/EDA.py
      hash: md5
      md5: 5ce9e8d3cf4e2050dd1c9d3097cbfb96
      size: 14642
    outs:
    - path: data/EDA
      hash: md5
      md5: 5018cf555b5ddac6e3328caad7dcb546.dir
      size: 10802
      nfiles: 2
  modeling:
    cmd: python src/modeling.py
    deps:
    - path: data/raw/test.csv
      hash: md5
      md5: eea124c43b4feda64c4ec01db4cec095
      size: 8023744
    - path: data/raw/train.csv
      hash: md5
      md5: d4aef6b0eee883241de7f7715945bc12
      size: 28073214
    - path: src/modeling.py
      hash: md5
      md5: 60d1c7fd5525ce953bde276f29fc8df0
      size: 6241
    outs:
    - path: Models/Evaluation
      hash: md5
      md5: b8234e3d66504466e3b70801903cbb60.dir
      size: 23
      nfiles: 1
    - path: Models/model
      hash: md5
      md5: eb8eb524d876e3820a11744ec738b08e.dir
      size: 23149514
      nfiles: 1
    - path: Predictions/Oofs
      hash: md5
      md5: 7ebd92280cbe1a13a6c42fd54236f2bc.dir
      size: 19703497
      nfiles: 1
    - path: Predictions/Submissions
      hash: md5
      md5: a7f8f8a01371f5af6d5291c29583ea41.dir
      size: 6445733
      nfiles: 1
